
Microsoft Visual Studio Solution File, Format Version 12.00
# Visual Studio Version 17
VisualStudioVersion = 17.1.32421.90
MinimumVisualStudioVersion = 10.0.40219.1
Project("{FAE04EC0-301F-11D3-BF4B-00C04F79EFBC}") = "WorkingWithCollections", "WorkingWithCollections\WorkingWithCollections.csproj", "{397DBF78-9F3B-46D8-A2C8-A2541FC77859}"
EndProject
Project("{FAE04EC0-301F-11D3-BF4B-00C04F79EFBC}") = "WorkingWithRanges", "WorkingWithRanges\WorkingWithRanges.csproj", "{CF29E9F6-4E56-40C8-921D-6C3C3D145401}"
EndProject
Project("{FAE04EC0-301F-11D3-BF4B-00C04F79EFBC}") = "WorkingWithNetworkResources", "WorkingWithNetworkResources\WorkingWithNetworkResources.csproj", "{AFBB9272-FB3C-4742-84EA-1720DD0D8782}"
EndProject
Global
	GlobalSection(SolutionConfigurationPlatforms) = preSolution
		Debug|Any CPU = Debug|Any CPU
		Release|Any CPU = Release|Any CPU
	EndGlobalSection
	GlobalSection(ProjectConfigurationPlatforms) = postSolution
		{397DBF78-9F3B-46D8-A2C8-A2541FC77859}.Debug|Any CPU.ActiveCfg = Debug|Any CPU
		{397DBF78-9F3B-46D8-A2C8-A2541FC77859}.Debug|Any CPU.Build.0 = Debug|Any CPU
		{397DBF78-9F3B-46D8-A2C8-A2541FC77859}.Release|Any CPU.ActiveCfg = Release|Any CPU
		{397DBF78-9F3B-46D8-A2C8-A2541FC77859}.Release|Any CPU.Build.0 = Release|Any CPU
		{CF29E9F6-4E56-40C8-921D-6C3C3D145401}.Debug|Any CPU.ActiveCfg = Debug|Any CPU
		{CF29E9F6-4E56-40C8-921D-6C3C3D145401}.Debug|Any CPU.Build.0 = Debug|Any CPU
		{CF29E9F6-4E56-40C8-921D-6C3C3D145401}.Release|Any CPU.ActiveCfg = Release|Any CPU
		{CF29E9F6-4E56-40C8-921D-6C3C3D145401}.Release|Any CPU.Build.0 = Release|Any CPU
		{AFBB9272-FB3C-4742-84EA-1720DD0D8782}.Debug|Any CPU.ActiveCfg = Debug|Any CPU
		{AFBB9272-FB3C-4742-84EA-1720DD0D8782}.Debug|Any CPU.Build.0 = Debug|Any CPU
		{AFBB9272-FB3C-4742-84EA-1720DD0D8782}.Release|Any CPU.ActiveCfg = Release|Any CPU
		{AFBB9272-FB3C-4742-84EA-1720DD0D8782}.Release|Any CPU.Build.0 = Release|Any CPU
	EndGlobalSection
	GlobalSection(SolutionProperties) = preSolution
		HideSolutionNode = FALSE
	EndGlobalSection
	GlobalSection(ExtensibilityGlobals) = postSolution
		SolutionGuid = {ED837C56-740E-4CF0-B571-136A26019F14}
	EndGlobalSection
EndGlobal
